{
  "name": "interaction-web",
  "version": "1.1.7",
  "lockfileVersion": 1,
  "requires": true,
  "dependencies": {
    "bower": {
      "version": "1.8.8",
      "resolved": "https://registry.npmjs.org/bower/-/bower-1.8.8.tgz",
      "integrity": "sha512-1SrJnXnkP9soITHptSO+ahx3QKp3cVzn8poI6ujqc5SeOkg5iqM1pK9H+DSc2OQ8SnO0jC/NG4Ur/UIwy7574A=="
    },
    "browser-sync": {
      "version": "1.9.2",
      "resolved": "https://registry.npmjs.org/browser-sync/-/browser-sync-1.9.2.tgz",
      "integrity": "sha1-Fw8G6kH+8o1QUf0LK8gGj61qVpM=",
      "dev": true
    },
    "connect": {
      "version": "3.6.2",
      "resolved": "https://registry.npmjs.org/connect/-/connect-3.6.2.tgz",
      "integrity": "sha1-aU6NIGgb/kkCgsiriGvpjwn0L+c=",
      "dev": true
    },
    "connect-livereload": {
      "version": "0.5.4",
      "resolved": "https://registry.npmjs.org/connect-livereload/-/connect-livereload-0.5.4.tgz",
      "integrity": "sha1-gBV9E3HJ83zBQDmrGJWXDRGdw7w=",
      "dev": true
    },
    "del": {
      "version": "1.2.1",
      "resolved": "https://registry.npmjs.org/del/-/del-1.2.1.tgz",
      "integrity": "sha1-rtblvNfLcyXfNPVjEl+iZbLBoBQ=",
      "dev": true,
      "dependencies": {
        "object-assign": {
          "version": "3.0.0",
          "resolved": "https://registry.npmjs.org/object-assign/-/object-assign-3.0.0.tgz",
          "integrity": "sha1-m+3VygiXlJvKR+f/QIBi1Un1h/I="
        }
      }
    },
    "express": {
      "version": "4.15.3",
      "resolved": "https://registry.npmjs.org/express/-/express-4.15.3.tgz",
      "integrity": "sha1-urZdDwOqgMNYQIly/HAPkWlEtmI="
    },
    "gulp": {
      "version": "3.9.1",
      "resolved": "https://registry.npmjs.org/gulp/-/gulp-3.9.1.tgz",
      "integrity": "sha1-VxzkWSjdQK9lFPxAEYZgFsE4RbQ=",
      "dev": true
    },
    "gulp-angular-templatecache": {
      "version": "1.9.1",
      "resolved": "https://registry.npmjs.org/gulp-angular-templatecache/-/gulp-angular-templatecache-1.9.1.tgz",
      "integrity": "sha1-YPYx6Xqqp2XZQuNwQuS/uxpd8kQ=",
      "dev": true,
      "dependencies": {
        "camelcase": {
          "version": "2.1.1",
          "resolved": "https://registry.npmjs.org/camelcase/-/camelcase-2.1.1.tgz",
          "integrity": "sha1-fB0W1nmhu+WcoCys7PsBHiAfWh8="
        },
        "camelcase-keys": {
          "version": "2.1.0",
          "resolved": "https://registry.npmjs.org/camelcase-keys/-/camelcase-keys-2.1.0.tgz",
          "integrity": "sha1-MIvur/3ygRkFHvodkyITyRuPkuc="
        },
        "dateformat": {
          "version": "1.0.12",
          "resolved": "https://registry.npmjs.org/dateformat/-/dateformat-1.0.12.tgz",
          "integrity": "sha1-nxJLZ1lMk3/3BpMuSmQsyo27/uk="
        },
        "gulp-concat": {
          "version": "2.6.0",
          "resolved": "https://registry.npmjs.org/gulp-concat/-/gulp-concat-2.6.0.tgz",
          "integrity": "sha1-WFz7EVQR80h3MTEUBWa2qBxpy5E="
        },
        "gulp-util": {
          "version": "3.0.7",
          "resolved": "https://registry.npmjs.org/gulp-util/-/gulp-util-3.0.7.tgz",
          "integrity": "sha1-eJJcS4+LSQBawBoBHFV+YhiUHLs=",
          "dependencies": {
            "through2": {
              "version": "2.0.3",
              "resolved": "https://registry.npmjs.org/through2/-/through2-2.0.3.tgz",
              "integrity": "sha1-AARWmzfHx0ujnEPzzteNGtlBQL4="
            }
          }
        },
        "isarray": {
          "version": "1.0.0",
          "resolved": "https://registry.npmjs.org/isarray/-/isarray-1.0.0.tgz",
          "integrity": "sha1-u5NdSFgsuhaMBoNJV6VKPgcSTxE="
        },
        "meow": {
          "version": "3.7.0",
          "resolved": "https://registry.npmjs.org/meow/-/meow-3.7.0.tgz",
          "integrity": "sha1-cstmi0JSKCkKu/qFaJJYcwioAfs=",
          "dependencies": {
            "object-assign": {
              "version": "4.1.1",
              "resolved": "https://registry.npmjs.org/object-assign/-/object-assign-4.1.1.tgz",
              "integrity": "sha1-IQmtx5ZYh8/AXLvUQsrIv7s2CGM="
            }
          }
        },
        "object-assign": {
          "version": "3.0.0",
          "resolved": "https://registry.npmjs.org/object-assign/-/object-assign-3.0.0.tgz",
          "integrity": "sha1-m+3VygiXlJvKR+f/QIBi1Un1h/I="
        },
        "readable-stream": {
          "version": "2.3.2",
          "resolved": "https://registry.npmjs.org/readable-stream/-/readable-stream-2.3.2.tgz",
          "integrity": "sha1-WgTfBeT1f+Pw3Gj90R3FyXx+b00="
        },
        "string_decoder": {
          "version": "1.0.3",
          "resolved": "https://registry.npmjs.org/string_decoder/-/string_decoder-1.0.3.tgz",
          "integrity": "sha512-4AH6Z5fzNNBcH+6XDMfA/BTt87skxqJlO0lAh3Dker5zThcAxG6mKz+iGu308UKoPPQ8Dcqx/4JhujzltRa+hQ=="
        },
        "through2": {
          "version": "0.6.5",
          "resolved": "https://registry.npmjs.org/through2/-/through2-0.6.5.tgz",
          "integrity": "sha1-QaucZ7KdVyCQcUEOHXp6lozTrUg=",
          "dependencies": {
            "isarray": {
              "version": "0.0.1",
              "resolved": "https://registry.npmjs.org/isarray/-/isarray-0.0.1.tgz",
              "integrity": "sha1-ihis/Kmo9Bd+Cav8YDiTmwXR7t8="
            },
            "readable-stream": {
              "version": "1.0.34",
              "resolved": "https://registry.npmjs.org/readable-stream/-/readable-stream-1.0.34.tgz",
              "integrity": "sha1-Elgg40vIQtLyqq+v5MKRbuMsFXw="
            },
            "string_decoder": {
              "version": "0.10.31",
              "resolved": "https://registry.npmjs.org/string_decoder/-/string_decoder-0.10.31.tgz",
              "integrity": "sha1-YuIDvEF2bGwoyfyEMB2rHFMQ+pQ="
            }
          }
        }
      }
    },
    "gulp-autoprefixer": {
      "version": "2.3.1",
      "resolved": "https://registry.npmjs.org/gulp-autoprefixer/-/gulp-autoprefixer-2.3.1.tgz",
      "integrity": "sha1-9nXTsb128IjfLySretPkoFngfmc=",
      "dev": true,
      "dependencies": {
        "readable-stream": {
          "version": "1.0.34",
          "resolved": "https://registry.npmjs.org/readable-stream/-/readable-stream-1.0.34.tgz",
          "integrity": "sha1-Elgg40vIQtLyqq+v5MKRbuMsFXw="
        },
        "through2": {
          "version": "0.6.5",
          "resolved": "https://registry.npmjs.org/through2/-/through2-0.6.5.tgz",
          "integrity": "sha1-QaucZ7KdVyCQcUEOHXp6lozTrUg="
        }
      }
    },
    "gulp-changed": {
      "version": "1.3.2",
      "resolved": "https://registry.npmjs.org/gulp-changed/-/gulp-changed-1.3.2.tgz",
      "integrity": "sha1-nvyNMl+YBcx2aP3059YNSxQQ8s8=",
      "dev": true
    },
    "gulp-concat": {
      "version": "2.6.1",
      "resolved": "https://registry.npmjs.org/gulp-concat/-/gulp-concat-2.6.1.tgz",
      "integrity": "sha1-Yz0WyV2IUEYorQJmVmPO5aR5M1M=",
      "dev": true,
      "dependencies": {
        "clone-stats": {
          "version": "1.0.0",
          "resolved": "https://registry.npmjs.org/clone-stats/-/clone-stats-1.0.0.tgz",
          "integrity": "sha1-s3gt/4u1R04Yuba/D9/ngvh3doA="
        },
        "replace-ext": {
          "version": "1.0.0",
          "resolved": "https://registry.npmjs.org/replace-ext/-/replace-ext-1.0.0.tgz",
          "integrity": "sha1-3mMSg3P8v3w8z6TeWkgMRaZ5WOs="
        },
        "vinyl": {
          "version": "2.0.2",
          "resolved": "https://registry.npmjs.org/vinyl/-/vinyl-2.0.2.tgz",
          "integrity": "sha1-CjcT2NTpIhxY8QyhbAEWyeJe2nw="
        }
      }
    },
    "gulp-filter": {
      "version": "2.0.2",
      "resolved": "https://registry.npmjs.org/gulp-filter/-/gulp-filter-2.0.2.tgz",
      "integrity": "sha1-HOsdET7plCzt1J9YY7Qr5EvHzSw=",
      "dev": true,
      "dependencies": {
        "readable-stream": {
          "version": "1.0.34",
          "resolved": "https://registry.npmjs.org/readable-stream/-/readable-stream-1.0.34.tgz",
          "integrity": "sha1-Elgg40vIQtLyqq+v5MKRbuMsFXw="
        },
        "through2": {
          "version": "0.6.5",
          "resolved": "https://registry.npmjs.org/through2/-/through2-0.6.5.tgz",
          "integrity": "sha1-QaucZ7KdVyCQcUEOHXp6lozTrUg="
        }
      }
    },
    "gulp-html-replace": {
      "version": "1.6.2",
      "resolved": "https://registry.npmjs.org/gulp-html-replace/-/gulp-html-replace-1.6.2.tgz",
      "integrity": "sha1-HhBm+m+FOMjRmemaNENHLyu0YkI=",
      "dev": true,
      "dependencies": {
        "isarray": {
          "version": "1.0.0",
          "resolved": "https://registry.npmjs.org/isarray/-/isarray-1.0.0.tgz",
          "integrity": "sha1-u5NdSFgsuhaMBoNJV6VKPgcSTxE="
        },
        "object-assign": {
          "version": "4.1.1",
          "resolved": "https://registry.npmjs.org/object-assign/-/object-assign-4.1.1.tgz",
          "integrity": "sha1-IQmtx5ZYh8/AXLvUQsrIv7s2CGM="
        },
        "readable-stream": {
          "version": "2.3.2",
          "resolved": "https://registry.npmjs.org/readable-stream/-/readable-stream-2.3.2.tgz",
          "integrity": "sha1-WgTfBeT1f+Pw3Gj90R3FyXx+b00="
        },
        "string_decoder": {
          "version": "1.0.3",
          "resolved": "https://registry.npmjs.org/string_decoder/-/string_decoder-1.0.3.tgz",
          "integrity": "sha512-4AH6Z5fzNNBcH+6XDMfA/BTt87skxqJlO0lAh3Dker5zThcAxG6mKz+iGu308UKoPPQ8Dcqx/4JhujzltRa+hQ=="
        }
      }
    },
    "gulp-imagemin": {
      "version": "2.4.0",
      "resolved": "https://registry.npmjs.org/gulp-imagemin/-/gulp-imagemin-2.4.0.tgz",
      "integrity": "sha1-+FlIp3r1MrQRXcn7+sBK+GOnWLo=",
      "dev": true,
      "dependencies": {
        "object-assign": {
          "version": "4.1.1",
          "resolved": "https://registry.npmjs.org/object-assign/-/object-assign-4.1.1.tgz",
          "integrity": "sha1-IQmtx5ZYh8/AXLvUQsrIv7s2CGM="
        }
      }
    },
    "gulp-load-plugins": {
      "version": "0.10.0",
      "resolved": "https://registry.npmjs.org/gulp-load-plugins/-/gulp-load-plugins-0.10.0.tgz",
      "integrity": "sha1-gMDqWKOqQ4KjLAWp1qcLHFZqgT0=",
      "dev": true,
      "dependencies": {
        "findup-sync": {
          "version": "0.2.1",
          "resolved": "https://registry.npmjs.org/findup-sync/-/findup-sync-0.2.1.tgz",
          "integrity": "sha1-4KkKRQB1xJRm7lE3MgV1FLgeh4w="
        },
        "glob": {
          "version": "4.3.5",
          "resolved": "https://registry.npmjs.org/glob/-/glob-4.3.5.tgz",
          "integrity": "sha1-gPuwjKVA8jiszl0R0em8QedRc9M="
        },
        "multimatch": {
          "version": "2.0.0",
          "resolved": "https://registry.npmjs.org/multimatch/-/multimatch-2.0.0.tgz",
          "integrity": "sha1-xa2kJTV7dEulSELr3OHI8L5UK28="
        }
      }
    },
    "gulp-minify-css": {
      "version": "1.2.4",
      "resolved": "https://registry.npmjs.org/gulp-minify-css/-/gulp-minify-css-1.2.4.tgz",
      "integrity": "sha1-thZJV2Auon+eWtiCJ2ld0gV3jAY=",
      "dev": true,
      "dependencies": {
        "isarray": {
          "version": "1.0.0",
          "resolved": "https://registry.npmjs.org/isarray/-/isarray-1.0.0.tgz",
          "integrity": "sha1-u5NdSFgsuhaMBoNJV6VKPgcSTxE="
        },
        "object-assign": {
          "version": "4.1.1",
          "resolved": "https://registry.npmjs.org/object-assign/-/object-assign-4.1.1.tgz",
          "integrity": "sha1-IQmtx5ZYh8/AXLvUQsrIv7s2CGM="
        },
        "readable-stream": {
          "version": "2.3.2",
          "resolved": "https://registry.npmjs.org/readable-stream/-/readable-stream-2.3.2.tgz",
          "integrity": "sha1-WgTfBeT1f+Pw3Gj90R3FyXx+b00="
        },
        "string_decoder": {
          "version": "1.0.3",
          "resolved": "https://registry.npmjs.org/string_decoder/-/string_decoder-1.0.3.tgz",
          "integrity": "sha512-4AH6Z5fzNNBcH+6XDMfA/BTt87skxqJlO0lAh3Dker5zThcAxG6mKz+iGu308UKoPPQ8Dcqx/4JhujzltRa+hQ=="
        },
        "vinyl-sourcemaps-apply": {
          "version": "0.2.1",
          "resolved": "https://registry.npmjs.org/vinyl-sourcemaps-apply/-/vinyl-sourcemaps-apply-0.2.1.tgz",
          "integrity": "sha1-q2VJ1h0XLCsbh75cUI0jnI74dwU="
        }
      }
    },
    "gulp-minify-html": {
      "version": "0.1.8",
      "resolved": "https://registry.npmjs.org/gulp-minify-html/-/gulp-minify-html-0.1.8.tgz",
      "integrity": "sha1-ZCpBv50OoQ2u+Orl6eTU5tyV+0w=",
      "dev": true,
      "dependencies": {
        "ansi-regex": {
          "version": "0.2.1",
          "resolved": "https://registry.npmjs.org/ansi-regex/-/ansi-regex-0.2.1.tgz",
          "integrity": "sha1-DY6UaWej2BQ/k+JOKYUl/BsiNfk="
        },
        "ansi-styles": {
          "version": "1.1.0",
          "resolved": "https://registry.npmjs.org/ansi-styles/-/ansi-styles-1.1.0.tgz",
          "integrity": "sha1-6uy/Zs1waIJ2Cy9GkVgrj1XXp94="
        },
        "camelcase": {
          "version": "2.1.1",
          "resolved": "https://registry.npmjs.org/camelcase/-/camelcase-2.1.1.tgz",
          "integrity": "sha1-fB0W1nmhu+WcoCys7PsBHiAfWh8="
        },
        "camelcase-keys": {
          "version": "2.1.0",
          "resolved": "https://registry.npmjs.org/camelcase-keys/-/camelcase-keys-2.1.0.tgz",
          "integrity": "sha1-MIvur/3ygRkFHvodkyITyRuPkuc="
        },
        "chalk": {
          "version": "0.5.1",
          "resolved": "https://registry.npmjs.org/chalk/-/chalk-0.5.1.tgz",
          "integrity": "sha1-Zjs6ZItotV0EaQ1JFnqoN4WPIXQ="
        },
        "dateformat": {
          "version": "1.0.12",
          "resolved": "https://registry.npmjs.org/dateformat/-/dateformat-1.0.12.tgz",
          "integrity": "sha1-nxJLZ1lMk3/3BpMuSmQsyo27/uk="
        },
        "gulp-util": {
          "version": "2.2.20",
          "resolved": "https://registry.npmjs.org/gulp-util/-/gulp-util-2.2.20.tgz",
          "integrity": "sha1-1xRuVyiRC9jwR6awseVJvCLb1kw="
        },
        "has-ansi": {
          "version": "0.1.0",
          "resolved": "https://registry.npmjs.org/has-ansi/-/has-ansi-0.1.0.tgz",
          "integrity": "sha1-hPJlqujA5qiKEtcCKJS3VoiUxi4="
        },
        "lodash._reinterpolate": {
          "version": "2.4.1",
          "resolved": "https://registry.npmjs.org/lodash._reinterpolate/-/lodash._reinterpolate-2.4.1.tgz",
          "integrity": "sha1-TxInqlqHEfxjL1sHofRgequLMiI="
        },
        "lodash.escape": {
          "version": "2.4.1",
          "resolved": "https://registry.npmjs.org/lodash.escape/-/lodash.escape-2.4.1.tgz",
          "integrity": "sha1-LOEsXghNsKV92l5dHu659dF1o7Q="
        },
        "lodash.keys": {
          "version": "2.4.1",
          "resolved": "https://registry.npmjs.org/lodash.keys/-/lodash.keys-2.4.1.tgz",
          "integrity": "sha1-SN6kbfj/djKxDXBrissmWR4rNyc="
        },
        "lodash.template": {
          "version": "2.4.1",
          "resolved": "https://registry.npmjs.org/lodash.template/-/lodash.template-2.4.1.tgz",
          "integrity": "sha1-nmEQB+32KRKal0qzxIuBez4c8g0="
        },
        "lodash.templatesettings": {
          "version": "2.4.1",
          "resolved": "https://registry.npmjs.org/lodash.templatesettings/-/lodash.templatesettings-2.4.1.tgz",
          "integrity": "sha1-6nbHXRHrhtTb6JqDiTu4YZKaxpk="
        },
        "meow": {
          "version": "3.7.0",
          "resolved": "https://registry.npmjs.org/meow/-/meow-3.7.0.tgz",
          "integrity": "sha1-cstmi0JSKCkKu/qFaJJYcwioAfs=",
          "dependencies": {
            "minimist": {
              "version": "1.2.0",
              "resolved": "https://registry.npmjs.org/minimist/-/minimist-1.2.0.tgz",
              "integrity": "sha1-o1AIsg9BOD7sH7kU9M1d95omQoQ="
            }
          }
        },
        "minimist": {
          "version": "0.2.0",
          "resolved": "https://registry.npmjs.org/minimist/-/minimist-0.2.0.tgz",
          "integrity": "sha1-Tf/lJdriuGTGbC4jxicdev3s784="
        },
        "object-assign": {
          "version": "4.1.1",
          "resolved": "https://registry.npmjs.org/object-assign/-/object-assign-4.1.1.tgz",
          "integrity": "sha1-IQmtx5ZYh8/AXLvUQsrIv7s2CGM="
        },
        "readable-stream": {
          "version": "1.0.34",
          "resolved": "https://registry.npmjs.org/readable-stream/-/readable-stream-1.0.34.tgz",
          "integrity": "sha1-Elgg40vIQtLyqq+v5MKRbuMsFXw="
        },
        "strip-ansi": {
          "version": "0.3.0",
          "resolved": "https://registry.npmjs.org/strip-ansi/-/strip-ansi-0.3.0.tgz",
          "integrity": "sha1-JfSOoiynkYfzF0pNuHWTR7sSYiA="
        },
        "supports-color": {
          "version": "0.2.0",
          "resolved": "https://registry.npmjs.org/supports-color/-/supports-color-0.2.0.tgz",
          "integrity": "sha1-2S3iaU6z9nMjlz1649i1W0wiGQo="
        },
        "through2": {
          "version": "0.5.1",
          "resolved": "https://registry.npmjs.org/through2/-/through2-0.5.1.tgz",
          "integrity": "sha1-390BLrnHAOIyP9M084rGIqs3Lac="
        },
        "vinyl": {
          "version": "0.2.3",
          "resolved": "https://registry.npmjs.org/vinyl/-/vinyl-0.2.3.tgz",
          "integrity": "sha1-vKk4IJWC7FpJrVOKAPofEl5RMlI="
        },
        "xtend": {
          "version": "3.0.0",
          "resolved": "https://registry.npmjs.org/xtend/-/xtend-3.0.0.tgz",
          "integrity": "sha1-XM50B7r2Qsunvs2laBEcST9ZZlo="
        }
      }
    },
    "gulp-notify": {
      "version": "2.2.0",
      "resolved": "https://registry.npmjs.org/gulp-notify/-/gulp-notify-2.2.0.tgz",
      "integrity": "sha1-BGyChcKS6X7tThWgCcJsu+XO8TU=",
      "dev": true,
      "dependencies": {
        "readable-stream": {
          "version": "1.0.34",
          "resolved": "https://registry.npmjs.org/readable-stream/-/readable-stream-1.0.34.tgz",
          "integrity": "sha1-Elgg40vIQtLyqq+v5MKRbuMsFXw="
        },
        "through2": {
          "version": "0.6.5",
          "resolved": "https://registry.npmjs.org/through2/-/through2-0.6.5.tgz",
          "integrity": "sha1-QaucZ7KdVyCQcUEOHXp6lozTrUg="
        }
      }
    },
    "gulp-rename": {
      "version": "1.2.2",
      "resolved": "https://registry.npmjs.org/gulp-rename/-/gulp-rename-1.2.2.tgz",
      "integrity": "sha1-OtRCh2PwXidk3sHGfYaNsnVoeBc=",
      "dev": true
    },
    "gulp-rev": {
      "version": "3.0.1",
      "resolved": "https://registry.npmjs.org/gulp-rev/-/gulp-rev-3.0.1.tgz",
      "integrity": "sha1-o2rqmRokn8iYzKCIW2bNHPPHdb0=",
      "dev": true,
      "dependencies": {
        "readable-stream": {
          "version": "1.0.34",
          "resolved": "https://registry.npmjs.org/readable-stream/-/readable-stream-1.0.34.tgz",
          "integrity": "sha1-Elgg40vIQtLyqq+v5MKRbuMsFXw="
        },
        "through2": {
          "version": "0.6.5",
          "resolved": "https://registry.npmjs.org/through2/-/through2-0.6.5.tgz",
          "integrity": "sha1-QaucZ7KdVyCQcUEOHXp6lozTrUg="
        }
      }
    },
    "gulp-sass": {
      "version": "2.3.2",
      "resolved": "https://registry.npmjs.org/gulp-sass/-/gulp-sass-2.3.2.tgz",
      "integrity": "sha1-grerkP6QLNw0wE8YDZLyw0kC3VI=",
      "dev": true,
      "dependencies": {
        "lodash.clonedeep": {
          "version": "4.5.0",
          "resolved": "https://registry.npmjs.org/lodash.clonedeep/-/lodash.clonedeep-4.5.0.tgz",
          "integrity": "sha1-4j8/nE+Pvd6HJSnBBxhXoIblzO8="
        },
        "vinyl-sourcemaps-apply": {
          "version": "0.2.1",
          "resolved": "https://registry.npmjs.org/vinyl-sourcemaps-apply/-/vinyl-sourcemaps-apply-0.2.1.tgz",
          "integrity": "sha1-q2VJ1h0XLCsbh75cUI0jnI74dwU="
        }
      }
    },
    "gulp-size": {
      "version": "1.3.0",
      "resolved": "https://registry.npmjs.org/gulp-size/-/gulp-size-1.3.0.tgz",
      "integrity": "sha1-iSOge0rBMaAYJdW0gt4xc3tfnJA=",
      "dev": true
    },
    "gulp-sourcemaps": {
      "version": "1.12.0",
      "resolved": "https://registry.npmjs.org/gulp-sourcemaps/-/gulp-sourcemaps-1.12.0.tgz",
      "integrity": "sha1-eG+XyUoPloSSRl1wVY4EJCxnlZg=",
      "dev": true,
      "dependencies": {
        "graceful-fs": {
          "version": "4.1.11",
          "resolved": "https://registry.npmjs.org/graceful-fs/-/graceful-fs-4.1.11.tgz",
          "integrity": "sha1-Dovf5NHduIVNZOBOp8AOKgJuVlg="
        },
        "strip-bom": {
          "version": "2.0.0",
          "resolved": "https://registry.npmjs.org/strip-bom/-/strip-bom-2.0.0.tgz",
          "integrity": "sha1-YhmoVhZSBJHzV4i9vxRHqZx+aw4="
        },
        "vinyl": {
          "version": "1.2.0",
          "resolved": "https://registry.npmjs.org/vinyl/-/vinyl-1.2.0.tgz",
          "integrity": "sha1-XIgDbPVl5d8FVYv8kR+GVt8hiIQ="
        }
      }
    },
    "gulp-uglify": {
      "version": "1.5.4",
      "resolved": "https://registry.npmjs.org/gulp-uglify/-/gulp-uglify-1.5.4.tgz",
      "integrity": "sha1-UkeI2HZm0J+dDCH7IXf5ADmmWMk=",
      "dev": true,
      "dependencies": {
        "vinyl-sourcemaps-apply": {
          "version": "0.2.1",
          "resolved": "https://registry.npmjs.org/vinyl-sourcemaps-apply/-/vinyl-sourcemaps-apply-0.2.1.tgz",
          "integrity": "sha1-q2VJ1h0XLCsbh75cUI0jnI74dwU="
        }
      }
    },
    "gulp-uncss": {
      "version": "1.0.6",
      "resolved": "https://registry.npmjs.org/gulp-uncss/-/gulp-uncss-1.0.6.tgz",
      "integrity": "sha1-eQa2QsRtqXh8F1lejVGYIdHgqRs=",
      "dev": true,
      "dependencies": {
        "object-assign": {
          "version": "4.1.1",
          "resolved": "https://registry.npmjs.org/object-assign/-/object-assign-4.1.1.tgz",
          "integrity": "sha1-IQmtx5ZYh8/AXLvUQsrIv7s2CGM="
        }
      }
    },
    "gulp-usemin": {
      "version": "0.3.28",
      "resolved": "https://registry.npmjs.org/gulp-usemin/-/gulp-usemin-0.3.28.tgz",
      "integrity": "sha1-ePWIYYlyDEjaeg/95l8JKPtU/NE=",
      "dev": true,
      "dependencies": {
        "glob": {
          "version": "7.1.2",
          "resolved": "https://registry.npmjs.org/glob/-/glob-7.1.2.tgz",
          "integrity": "sha512-MJTUg1kjuLeQCJ+ccE4Vpa6kKVXkPYJ2mOCQyUuKLcLQsdrMCpBPUi8qVE6+YuaJkozeA9NusTAw3hLr8Xe5EQ=="
        },
        "minimatch": {
          "version": "3.0.4",
          "resolved": "https://registry.npmjs.org/minimatch/-/minimatch-3.0.4.tgz",
          "integrity": "sha512-yJHVQEhyqPLUTgt9B83PXu6W3rx4MvvHvSUvToogpwoGDOUQ+yDrR0HRot+yOCdCO7u4hX3pWft6kWBBcqh0UA=="
        }
      }
    },
    "opn": {
      "version": "1.0.2",
      "resolved": "https://registry.npmjs.org/opn/-/opn-1.0.2.tgz",
      "integrity": "sha1-uQlkM0bQChq8l3qLlvPOPFPVz18=",
      "dev": true
    },
    "run-sequence": {
      "version": "1.2.2",
      "resolved": "https://registry.npmjs.org/run-sequence/-/run-sequence-1.2.2.tgz",
      "integrity": "sha1-UJWgvr6YczsBQL0I3YDsAw3azes=",
      "dev": true
    },
    "serve-index": {
      "version": "1.9.0",
      "resolved": "https://registry.npmjs.org/serve-index/-/serve-index-1.9.0.tgz",
      "integrity": "sha1-0rKA/FYNYW7oG0i/D6gqvtJIXOc=",
      "dev": true,
      "dependencies": {
        "debug": {
          "version": "2.6.8",
          "resolved": "https://registry.npmjs.org/debug/-/debug-2.6.8.tgz",
          "integrity": "sha1-5zFTHKLt4n0YgiJCfaF4IdaP9Pw="
        }
      }
    },
    "serve-static": {
      "version": "1.12.3",
      "resolved": "https://registry.npmjs.org/serve-static/-/serve-static-1.12.3.tgz",
      "integrity": "sha1-n0uhni8wMMVH+K+ZEHg47DjVseI=",
      "dev": true
    },
    "tiny-lr": {
      "version": "0.1.7",
      "resolved": "https://registry.npmjs.org/tiny-lr/-/tiny-lr-0.1.7.tgz",
      "integrity": "sha1-vgJNCfHrsi4nSYNMYOoXs4UjQXU=",
      "dev": true,
      "dependencies": {
        "debug": {
          "version": "2.0.0",
          "resolved": "https://registry.npmjs.org/debug/-/debug-2.0.0.tgz",
          "integrity": "sha1-ib2d9nMrUSVrxnBTQrugLtEhMe8="
        },
        "ms": {
          "version": "0.6.2",
          "resolved": "https://registry.npmjs.org/ms/-/ms-0.6.2.tgz",
          "integrity": "sha1-2JwhJMb9wTU9Zai3e/GqxLGTcIw="
        },
        "qs": {
          "version": "2.2.5",
          "resolved": "https://registry.npmjs.org/qs/-/qs-2.2.5.tgz",
          "integrity": "sha1-EIirr53MCuWuRbcJ5sa1iIsjkjw="
        }
      }
    },
    "watch": {
      "version": "0.13.0",
      "resolved": "https://registry.npmjs.org/watch/-/watch-0.13.0.tgz",
      "integrity": "sha1-/MbSs/DoxzSC61Qjmhn9W8+adTw=",
      "dev": true
    }
  }
}
